schema: '2.0'
stages:
  build_rosters:
    cmd: python -m src.features.build_rosters
    deps:
    - path: data/raw/transactions.csv
      hash: md5
      md5: bd13e36b97e6013f4983c4cfbfcb3816
      size: 81874
    - path: src/features/build_rosters.py
      hash: md5
      md5: b3bd82e0984c78f1f6a817bc857c4a03
      size: 2880
    outs:
    - path: data/interim/rosters
      hash: md5
      md5: 90d78eb97aee2ca2a0bab7968ac09729.dir
      size: 1406583
      nfiles: 107
  pull_transactions:
    cmd: python -m src.ingest.pull_transactions
    deps:
    - path: src/ingest/pull_transactions.py
      hash: md5
      md5: 2326811441f23091adf6b57e03da54de
      size: 3731
    params:
      params.yaml:
        ingest.roster_snapshot_season: 2024-25
    outs:
    - path: data/raw/transactions.csv
      hash: md5
      md5: b713505eda7b2deffdcfd32c501c8c68
      size: 67998
  pull_boxscores:
    cmd: python -m src.ingest.pull_boxscores
    deps:
    - path: src/ingest/pull_boxscores.py
      hash: md5
      md5: fea19f7ad442ce8d84637a31a3547eab
      size: 1228
    params:
      params.yaml:
        ingest.season: 2024-25
    outs:
    - path: data/raw/boxscores
      hash: md5
      md5: fcce945baa9d407d73efc170929e89f7.dir
      size: 598394
      nfiles: 1
  derive_transactions:
    cmd: python -m src.ingest.derive_transactions
    deps:
    - path: data/raw/boxscores
      hash: md5
      md5: fcce945baa9d407d73efc170929e89f7.dir
      size: 598394
      nfiles: 1
    - path: src/ingest/derive_transactions.py
      hash: md5
      md5: 0f1d6365e63dd6812cff790507ef11d4
      size: 3187
    params:
      params.yaml:
        ingest.season: 2024-25
    outs:
    - path: data/raw/transactions.csv
      hash: md5
      md5: bd13e36b97e6013f4983c4cfbfcb3816
      size: 81874
  player_ratings:
    cmd: python -m src.features.player_ratings
    deps:
    - path: data/raw/boxscores
      hash: md5
      md5: fcce945baa9d407d73efc170929e89f7.dir
      size: 598394
      nfiles: 1
    - path: src/features/player_ratings.py
      hash: md5
      md5: cb50d7bf0bb2f9228c9ec29edbcd65d1
      size: 3698
    params:
      params.yaml:
        ingest.season: 2024-25
        ratings:
          metric: box_gmsc
          per_minutes: 36
          min_minutes: 200
    outs:
    - path: data/processed/player_ratings.parquet
      hash: md5
      md5: eece3fcbc92706e1866082e15db15788
      size: 25579
